// !$*UTF8*$!
{
	archiveVersion = 1;
	classes = {
	};
	objectVersion = 56;
	objects = {

/* Begin PBXBuildFile section */
		0DF08449E2AD5E1B892490A4 /* Pods_AppConsorcio.framework in Frameworks */ = {isa = PBXBuildFile; fileRef = 9F678522549BE057077F1265 /* Pods_AppConsorcio.framework */; };
		B7797FEA2B0A4238006CDA7F /* GoogleService-Info.plist in Resources */ = {isa = PBXBuildFile; fileRef = B7797FE92B0A4238006CDA7F /* GoogleService-Info.plist */; };
		B7797FED2B0A4443006CDA7F /* Empleado.swift in Sources */ = {isa = PBXBuildFile; fileRef = B7797FEC2B0A4443006CDA7F /* Empleado.swift */; };
		B7797FEF2B0A451B006CDA7F /* EmpleadoViewController.swift in Sources */ = {isa = PBXBuildFile; fileRef = B7797FEE2B0A451B006CDA7F /* EmpleadoViewController.swift */; };
		B7797FF32B0A4988006CDA7F /* TableViewCell.swift in Sources */ = {isa = PBXBuildFile; fileRef = B7797FF22B0A4988006CDA7F /* TableViewCell.swift */; };
		B7797FF52B0A4C7D006CDA7F /* NuevoEmpleadoViewController.swift in Sources */ = {isa = PBXBuildFile; fileRef = B7797FF42B0A4C7D006CDA7F /* NuevoEmpleadoViewController.swift */; };
		B7797FF72B0A5243006CDA7F /* EditarEmpleadoViewController.swift in Sources */ = {isa = PBXBuildFile; fileRef = B7797FF62B0A5243006CDA7F /* EditarEmpleadoViewController.swift */; };
		B7D676982AE5543D00139553 /* AppDelegate.swift in Sources */ = {isa = PBXBuildFile; fileRef = B7D676972AE5543D00139553 /* AppDelegate.swift */; };
		B7D6769A2AE5543D00139553 /* SceneDelegate.swift in Sources */ = {isa = PBXBuildFile; fileRef = B7D676992AE5543D00139553 /* SceneDelegate.swift */; };
		B7D6769C2AE5543D00139553 /* ViewController.swift in Sources */ = {isa = PBXBuildFile; fileRef = B7D6769B2AE5543D00139553 /* ViewController.swift */; };
		B7D6769F2AE5543D00139553 /* Main.storyboard in Resources */ = {isa = PBXBuildFile; fileRef = B7D6769D2AE5543D00139553 /* Main.storyboard */; };
		B7D676A22AE5543D00139553 /* AppConsorcio.xcdatamodeld in Sources */ = {isa = PBXBuildFile; fileRef = B7D676A02AE5543D00139553 /* AppConsorcio.xcdatamodeld */; };
		B7D676A42AE5543E00139553 /* Assets.xcassets in Resources */ = {isa = PBXBuildFile; fileRef = B7D676A32AE5543E00139553 /* Assets.xcassets */; };
		B7D676A72AE5543E00139553 /* LaunchScreen.storyboard in Resources */ = {isa = PBXBuildFile; fileRef = B7D676A52AE5543E00139553 /* LaunchScreen.storyboard */; };
		B7D676AF2AE5569900139553 /* ItemTableViewCell.swift in Sources */ = {isa = PBXBuildFile; fileRef = B7D676AE2AE5569900139553 /* ItemTableViewCell.swift */; };
		B7D676B12AE55A3800139553 /* Cliente.swift in Sources */ = {isa = PBXBuildFile; fileRef = B7D676B02AE55A3800139553 /* Cliente.swift */; };
		B7D676B32AE5622000139553 /* NuevoViewController.swift in Sources */ = {isa = PBXBuildFile; fileRef = B7D676B22AE5622000139553 /* NuevoViewController.swift */; };
		B7D676B52AE563D600139553 /* ControladorCliente.swift in Sources */ = {isa = PBXBuildFile; fileRef = B7D676B42AE563D600139553 /* ControladorCliente.swift */; };
		B7D676B72AE5713D00139553 /* EditarViewController.swift in Sources */ = {isa = PBXBuildFile; fileRef = B7D676B62AE5713D00139553 /* EditarViewController.swift */; };
		B7DB83712B01083400447239 /* ProductosViewController.swift in Sources */ = {isa = PBXBuildFile; fileRef = B7DB83702B01083400447239 /* ProductosViewController.swift */; };
		B7DB83732B0108EB00447239 /* ItemProductoCollectionViewCell.swift in Sources */ = {isa = PBXBuildFile; fileRef = B7DB83722B0108EB00447239 /* ItemProductoCollectionViewCell.swift */; };
		B7DB83752B010AE800447239 /* Rating.swift in Sources */ = {isa = PBXBuildFile; fileRef = B7DB83742B010AE800447239 /* Rating.swift */; };
		B7DB83772B010B7200447239 /* Products.swift in Sources */ = {isa = PBXBuildFile; fileRef = B7DB83762B010B7200447239 /* Products.swift */; };
		B7DB83792B01163F00447239 /* ConsultaProductoViewController.swift in Sources */ = {isa = PBXBuildFile; fileRef = B7DB83782B01163F00447239 /* ConsultaProductoViewController.swift */; };
		B7E36A362AF7CCD000C54999 /* Medicamento.swift in Sources */ = {isa = PBXBuildFile; fileRef = B7E36A352AF7CCD000C54999 /* Medicamento.swift */; };
		B7E36A382AF7CDB700C54999 /* MedicamentoViewController.swift in Sources */ = {isa = PBXBuildFile; fileRef = B7E36A372AF7CDB700C54999 /* MedicamentoViewController.swift */; };
		B7E36A3E2AF7D56400C54999 /* ITableViewCell.swift in Sources */ = {isa = PBXBuildFile; fileRef = B7E36A3D2AF7D56400C54999 /* ITableViewCell.swift */; };
		B7E36A402AF7D9BE00C54999 /* NuevoMedicamentoViewController.swift in Sources */ = {isa = PBXBuildFile; fileRef = B7E36A3F2AF7D9BE00C54999 /* NuevoMedicamentoViewController.swift */; };
		B7E36A422AF7E1B200C54999 /* EditarMedicamentoViewController.swift in Sources */ = {isa = PBXBuildFile; fileRef = B7E36A412AF7E1B200C54999 /* EditarMedicamentoViewController.swift */; };
/* End PBXBuildFile section */

/* Begin PBXFileReference section */
		3CE931EE5BE0A79F2BEB234C /* Pods-AppConsorcio.release.xcconfig */ = {isa = PBXFileReference; includeInIndex = 1; lastKnownFileType = text.xcconfig; name = "Pods-AppConsorcio.release.xcconfig"; path = "Target Support Files/Pods-AppConsorcio/Pods-AppConsorcio.release.xcconfig"; sourceTree = "<group>"; };
		72B383B50009D010402825EE /* Pods-AppConsorcio.debug.xcconfig */ = {isa = PBXFileReference; includeInIndex = 1; lastKnownFileType = text.xcconfig; name = "Pods-AppConsorcio.debug.xcconfig"; path = "Target Support Files/Pods-AppConsorcio/Pods-AppConsorcio.debug.xcconfig"; sourceTree = "<group>"; };
		9F678522549BE057077F1265 /* Pods_AppConsorcio.framework */ = {isa = PBXFileReference; explicitFileType = wrapper.framework; includeInIndex = 0; path = Pods_AppConsorcio.framework; sourceTree = BUILT_PRODUCTS_DIR; };
		B7797FE92B0A4238006CDA7F /* GoogleService-Info.plist */ = {isa = PBXFileReference; fileEncoding = 4; lastKnownFileType = text.plist.xml; path = "GoogleService-Info.plist"; sourceTree = "<group>"; };
		B7797FEC2B0A4443006CDA7F /* Empleado.swift */ = {isa = PBXFileReference; lastKnownFileType = sourcecode.swift; path = Empleado.swift; sourceTree = "<group>"; };
		B7797FEE2B0A451B006CDA7F /* EmpleadoViewController.swift */ = {isa = PBXFileReference; lastKnownFileType = sourcecode.swift; path = EmpleadoViewController.swift; sourceTree = "<group>"; };
		B7797FF22B0A4988006CDA7F /* TableViewCell.swift */ = {isa = PBXFileReference; lastKnownFileType = sourcecode.swift; path = TableViewCell.swift; sourceTree = "<group>"; };
		B7797FF42B0A4C7D006CDA7F /* NuevoEmpleadoViewController.swift */ = {isa = PBXFileReference; lastKnownFileType = sourcecode.swift; path = NuevoEmpleadoViewController.swift; sourceTree = "<group>"; };
		B7797FF62B0A5243006CDA7F /* EditarEmpleadoViewController.swift */ = {isa = PBXFileReference; lastKnownFileType = sourcecode.swift; path = EditarEmpleadoViewController.swift; sourceTree = "<group>"; };
		B7D676942AE5543D00139553 /* AppConsorcio.app */ = {isa = PBXFileReference; explicitFileType = wrapper.application; includeInIndex = 0; path = AppConsorcio.app; sourceTree = BUILT_PRODUCTS_DIR; };
		B7D676972AE5543D00139553 /* AppDelegate.swift */ = {isa = PBXFileReference; lastKnownFileType = sourcecode.swift; path = AppDelegate.swift; sourceTree = "<group>"; };
		B7D676992AE5543D00139553 /* SceneDelegate.swift */ = {isa = PBXFileReference; lastKnownFileType = sourcecode.swift; path = SceneDelegate.swift; sourceTree = "<group>"; };
		B7D6769B2AE5543D00139553 /* ViewController.swift */ = {isa = PBXFileReference; lastKnownFileType = sourcecode.swift; path = ViewController.swift; sourceTree = "<group>"; };
		B7D6769E2AE5543D00139553 /* Base */ = {isa = PBXFileReference; lastKnownFileType = file.storyboard; name = Base; path = Base.lproj/Main.storyboard; sourceTree = "<group>"; };
		B7D676A12AE5543D00139553 /* AppConsorcio.xcdatamodel */ = {isa = PBXFileReference; lastKnownFileType = wrapper.xcdatamodel; path = AppConsorcio.xcdatamodel; sourceTree = "<group>"; };
		B7D676A32AE5543E00139553 /* Assets.xcassets */ = {isa = PBXFileReference; lastKnownFileType = folder.assetcatalog; path = Assets.xcassets; sourceTree = "<group>"; };
		B7D676A62AE5543E00139553 /* Base */ = {isa = PBXFileReference; lastKnownFileType = file.storyboard; name = Base; path = Base.lproj/LaunchScreen.storyboard; sourceTree = "<group>"; };
		B7D676A82AE5543E00139553 /* Info.plist */ = {isa = PBXFileReference; lastKnownFileType = text.plist.xml; path = Info.plist; sourceTree = "<group>"; };
		B7D676AE2AE5569900139553 /* ItemTableViewCell.swift */ = {isa = PBXFileReference; lastKnownFileType = sourcecode.swift; path = ItemTableViewCell.swift; sourceTree = "<group>"; };
		B7D676B02AE55A3800139553 /* Cliente.swift */ = {isa = PBXFileReference; lastKnownFileType = sourcecode.swift; name = Cliente.swift; path = AppConsorcio.xcdatamodeld/Cliente.swift; sourceTree = "<group>"; };
		B7D676B22AE5622000139553 /* NuevoViewController.swift */ = {isa = PBXFileReference; lastKnownFileType = sourcecode.swift; name = NuevoViewController.swift; path = AppConsorcio.xcdatamodeld/NuevoViewController.swift; sourceTree = "<group>"; };
		B7D676B42AE563D600139553 /* ControladorCliente.swift */ = {isa = PBXFileReference; lastKnownFileType = sourcecode.swift; name = ControladorCliente.swift; path = AppConsorcio.xcdatamodeld/ControladorCliente.swift; sourceTree = "<group>"; };
		B7D676B62AE5713D00139553 /* EditarViewController.swift */ = {isa = PBXFileReference; lastKnownFileType = sourcecode.swift; name = EditarViewController.swift; path = AppConsorcio.xcdatamodeld/EditarViewController.swift; sourceTree = "<group>"; };
		B7DB83702B01083400447239 /* ProductosViewController.swift */ = {isa = PBXFileReference; lastKnownFileType = sourcecode.swift; path = ProductosViewController.swift; sourceTree = "<group>"; };
		B7DB83722B0108EB00447239 /* ItemProductoCollectionViewCell.swift */ = {isa = PBXFileReference; lastKnownFileType = sourcecode.swift; path = ItemProductoCollectionViewCell.swift; sourceTree = "<group>"; };
		B7DB83742B010AE800447239 /* Rating.swift */ = {isa = PBXFileReference; lastKnownFileType = sourcecode.swift; path = Rating.swift; sourceTree = "<group>"; };
		B7DB83762B010B7200447239 /* Products.swift */ = {isa = PBXFileReference; lastKnownFileType = sourcecode.swift; path = Products.swift; sourceTree = "<group>"; };
		B7DB83782B01163F00447239 /* ConsultaProductoViewController.swift */ = {isa = PBXFileReference; lastKnownFileType = sourcecode.swift; path = ConsultaProductoViewController.swift; sourceTree = "<group>"; };
		B7E36A352AF7CCD000C54999 /* Medicamento.swift */ = {isa = PBXFileReference; lastKnownFileType = sourcecode.swift; path = Medicamento.swift; sourceTree = "<group>"; };
		B7E36A372AF7CDB700C54999 /* MedicamentoViewController.swift */ = {isa = PBXFileReference; lastKnownFileType = sourcecode.swift; path = MedicamentoViewController.swift; sourceTree = "<group>"; };
		B7E36A3D2AF7D56400C54999 /* ITableViewCell.swift */ = {isa = PBXFileReference; lastKnownFileType = sourcecode.swift; path = ITableViewCell.swift; sourceTree = "<group>"; };
		B7E36A3F2AF7D9BE00C54999 /* NuevoMedicamentoViewController.swift */ = {isa = PBXFileReference; lastKnownFileType = sourcecode.swift; path = NuevoMedicamentoViewController.swift; sourceTree = "<group>"; };
		B7E36A412AF7E1B200C54999 /* EditarMedicamentoViewController.swift */ = {isa = PBXFileReference; lastKnownFileType = sourcecode.swift; path = EditarMedicamentoViewController.swift; sourceTree = "<group>"; };
/* End PBXFileReference section */

/* Begin PBXFrameworksBuildPhase section */
		B7D676912AE5543D00139553 /* Frameworks */ = {
			isa = PBXFrameworksBuildPhase;
			buildActionMask = 2147483647;
			files = (
				0DF08449E2AD5E1B892490A4 /* Pods_AppConsorcio.framework in Frameworks */,
			);
			runOnlyForDeploymentPostprocessing = 0;
		};
/* End PBXFrameworksBuildPhase section */

/* Begin PBXGroup section */
		3AE0EFD12E3ED80BB804FE12 /* Pods */ = {
			isa = PBXGroup;
			children = (
				72B383B50009D010402825EE /* Pods-AppConsorcio.debug.xcconfig */,
				3CE931EE5BE0A79F2BEB234C /* Pods-AppConsorcio.release.xcconfig */,
			);
			path = Pods;
			sourceTree = "<group>";
		};
		B7797FEB2B0A4417006CDA7F /* firebase */ = {
			isa = PBXGroup;
			children = (
				B7797FEC2B0A4443006CDA7F /* Empleado.swift */,
				B7797FEE2B0A451B006CDA7F /* EmpleadoViewController.swift */,
				B7797FF22B0A4988006CDA7F /* TableViewCell.swift */,
				B7797FF42B0A4C7D006CDA7F /* NuevoEmpleadoViewController.swift */,
				B7797FF62B0A5243006CDA7F /* EditarEmpleadoViewController.swift */,
			);
			path = firebase;
			sourceTree = "<group>";
		};
		B7D6768B2AE5543D00139553 = {
			isa = PBXGroup;
			children = (
				B7D676962AE5543D00139553 /* AppConsorcio */,
				B7D676952AE5543D00139553 /* Products */,
				3AE0EFD12E3ED80BB804FE12 /* Pods */,
				CB632EB872DEA05B6F61168A /* Frameworks */,
			);
			sourceTree = "<group>";
		};
		B7D676952AE5543D00139553 /* Products */ = {
			isa = PBXGroup;
			children = (
				B7D676942AE5543D00139553 /* AppConsorcio.app */,
			);
			name = Products;
			sourceTree = "<group>";
		};
		B7D676962AE5543D00139553 /* AppConsorcio */ = {
			isa = PBXGroup;
			children = (
				B7797FEB2B0A4417006CDA7F /* firebase */,
				B7797FE92B0A4238006CDA7F /* GoogleService-Info.plist */,
				B7DB836F2B0107FD00447239 /* productos */,
				B7E36A342AF7CCA000C54999 /* api */,
				B7D676972AE5543D00139553 /* AppDelegate.swift */,
				B7D676992AE5543D00139553 /* SceneDelegate.swift */,
				B7D6769B2AE5543D00139553 /* ViewController.swift */,
				B7D6769D2AE5543D00139553 /* Main.storyboard */,
				B7D676A32AE5543E00139553 /* Assets.xcassets */,
				B7D676A52AE5543E00139553 /* LaunchScreen.storyboard */,
				B7D676A82AE5543E00139553 /* Info.plist */,
				B7D676A02AE5543D00139553 /* AppConsorcio.xcdatamodeld */,
				B7D676AE2AE5569900139553 /* ItemTableViewCell.swift */,
				B7D676B02AE55A3800139553 /* Cliente.swift */,
				B7D676B22AE5622000139553 /* NuevoViewController.swift */,
				B7D676B42AE563D600139553 /* ControladorCliente.swift */,
				B7D676B62AE5713D00139553 /* EditarViewController.swift */,
			);
			path = AppConsorcio;
			sourceTree = "<group>";
		};
		B7DB836F2B0107FD00447239 /* productos */ = {
			isa = PBXGroup;
			children = (
				B7DB83702B01083400447239 /* ProductosViewController.swift */,
				B7DB83722B0108EB00447239 /* ItemProductoCollectionViewCell.swift */,
				B7DB83742B010AE800447239 /* Rating.swift */,
				B7DB83762B010B7200447239 /* Products.swift */,
				B7DB83782B01163F00447239 /* ConsultaProductoViewController.swift */,
			);
			path = productos;
			sourceTree = "<group>";
		};
		B7E36A342AF7CCA000C54999 /* api */ = {
			isa = PBXGroup;
			children = (
				B7E36A352AF7CCD000C54999 /* Medicamento.swift */,
				B7E36A372AF7CDB700C54999 /* MedicamentoViewController.swift */,
				B7E36A3D2AF7D56400C54999 /* ITableViewCell.swift */,
				B7E36A3F2AF7D9BE00C54999 /* NuevoMedicamentoViewController.swift */,
				B7E36A412AF7E1B200C54999 /* EditarMedicamentoViewController.swift */,
			);
			path = api;
			sourceTree = "<group>";
		};
		CB632EB872DEA05B6F61168A /* Frameworks */ = {
			isa = PBXGroup;
			children = (
				9F678522549BE057077F1265 /* Pods_AppConsorcio.framework */,
			);
			name = Frameworks;
			sourceTree = "<group>";
		};
/* End PBXGroup section */

/* Begin PBXNativeTarget section */
		B7D676932AE5543D00139553 /* AppConsorcio */ = {
			isa = PBXNativeTarget;
			buildConfigurationList = B7D676AB2AE5543E00139553 /* Build configuration list for PBXNativeTarget "AppConsorcio" */;
			buildPhases = (
				361AE506152848C7E07CB9A2 /* [CP] Check Pods Manifest.lock */,
				B7D676902AE5543D00139553 /* Sources */,
				B7D676912AE5543D00139553 /* Frameworks */,
				B7D676922AE5543D00139553 /* Resources */,
				83D4CABA0D444F4F52FCC5DE /* [CP] Embed Pods Frameworks */,
			);
			buildRules = (
			);
			dependencies = (
			);
			name = AppConsorcio;
			productName = AppConsorcio;
			productReference = B7D676942AE5543D00139553 /* AppConsorcio.app */;
			productType = "com.apple.product-type.application";
		};
/* End PBXNativeTarget section */

/* Begin PBXProject section */
		B7D6768C2AE5543D00139553 /* Project object */ = {
			isa = PBXProject;
			attributes = {
				BuildIndependentTargetsInParallel = 1;
				LastSwiftUpdateCheck = 1430;
				LastUpgradeCheck = 1430;
				TargetAttributes = {
					B7D676932AE5543D00139553 = {
						CreatedOnToolsVersion = 14.3.1;
					};
				};
			};
			buildConfigurationList = B7D6768F2AE5543D00139553 /* Build configuration list for PBXProject "AppConsorcio" */;
			compatibilityVersion = "Xcode 14.0";
			developmentRegion = en;
			hasScannedForEncodings = 0;
			knownRegions = (
				en,
				Base,
			);
			mainGroup = B7D6768B2AE5543D00139553;
			productRefGroup = B7D676952AE5543D00139553 /* Products */;
			projectDirPath = "";
			projectRoot = "";
			targets = (
				B7D676932AE5543D00139553 /* AppConsorcio */,
			);
		};
/* End PBXProject section */

/* Begin PBXResourcesBuildPhase section */
		B7D676922AE5543D00139553 /* Resources */ = {
			isa = PBXResourcesBuildPhase;
			buildActionMask = 2147483647;
			files = (
				B7D676A72AE5543E00139553 /* LaunchScreen.storyboard in Resources */,
				B7797FEA2B0A4238006CDA7F /* GoogleService-Info.plist in Resources */,
				B7D676A42AE5543E00139553 /* Assets.xcassets in Resources */,
				B7D6769F2AE5543D00139553 /* Main.storyboard in Resources */,
			);
			runOnlyForDeploymentPostprocessing = 0;
		};
/* End PBXResourcesBuildPhase section */

/* Begin PBXShellScriptBuildPhase section */
		361AE506152848C7E07CB9A2 /* [CP] Check Pods Manifest.lock */ = {
			isa = PBXShellScriptBuildPhase;
			buildActionMask = 2147483647;
			files = (
			);
			inputFileListPaths = (
			);
			inputPaths = (
				"${PODS_PODFILE_DIR_PATH}/Podfile.lock",
				"${PODS_ROOT}/Manifest.lock",
			);
			name = "[CP] Check Pods Manifest.lock";
			outputFileListPaths = (
			);
			outputPaths = (
				"$(DERIVED_FILE_DIR)/Pods-AppConsorcio-checkManifestLockResult.txt",
			);
			runOnlyForDeploymentPostprocessing = 0;
			shellPath = /bin/sh;
			shellScript = "diff \"${PODS_PODFILE_DIR_PATH}/Podfile.lock\" \"${PODS_ROOT}/Manifest.lock\" > /dev/null\nif [ $? != 0 ] ; then\n    # print error to STDERR\n    echo \"error: The sandbox is not in sync with the Podfile.lock. Run 'pod install' or update your CocoaPods installation.\" >&2\n    exit 1\nfi\n# This output is used by Xcode 'outputs' to avoid re-running this script phase.\necho \"SUCCESS\" > \"${SCRIPT_OUTPUT_FILE_0}\"\n";
			showEnvVarsInLog = 0;
		};
		83D4CABA0D444F4F52FCC5DE /* [CP] Embed Pods Frameworks */ = {
			isa = PBXShellScriptBuildPhase;
			buildActionMask = 2147483647;
			files = (
			);
			inputFileListPaths = (
				"${PODS_ROOT}/Target Support Files/Pods-AppConsorcio/Pods-AppConsorcio-frameworks-${CONFIGURATION}-input-files.xcfilelist",
			);
			name = "[CP] Embed Pods Frameworks";
			outputFileListPaths = (
				"${PODS_ROOT}/Target Support Files/Pods-AppConsorcio/Pods-AppConsorcio-frameworks-${CONFIGURATION}-output-files.xcfilelist",
			);
			runOnlyForDeploymentPostprocessing = 0;
			shellPath = /bin/sh;
			shellScript = "\"${PODS_ROOT}/Target Support Files/Pods-AppConsorcio/Pods-AppConsorcio-frameworks.sh\"\n";
			showEnvVarsInLog = 0;
		};
/* End PBXShellScriptBuildPhase section */

/* Begin PBXSourcesBuildPhase section */
		B7D676902AE5543D00139553 /* Sources */ = {
			isa = PBXSourcesBuildPhase;
			buildActionMask = 2147483647;
			files = (
				B7DB83792B01163F00447239 /* ConsultaProductoViewController.swift in Sources */,
				B7D6769C2AE5543D00139553 /* ViewController.swift in Sources */,
				B7D676A22AE5543D00139553 /* AppConsorcio.xcdatamodeld in Sources */,
				B7DB83752B010AE800447239 /* Rating.swift in Sources */,
				B7797FF72B0A5243006CDA7F /* EditarEmpleadoViewController.swift in Sources */,
				B7797FEF2B0A451B006CDA7F /* EmpleadoViewController.swift in Sources */,
				B7797FED2B0A4443006CDA7F /* Empleado.swift in Sources */,
				B7E36A362AF7CCD000C54999 /* Medicamento.swift in Sources */,
				B7D676B32AE5622000139553 /* NuevoViewController.swift in Sources */,
				B7E36A422AF7E1B200C54999 /* EditarMedicamentoViewController.swift in Sources */,
				B7DB83732B0108EB00447239 /* ItemProductoCollectionViewCell.swift in Sources */,
				B7E36A382AF7CDB700C54999 /* MedicamentoViewController.swift in Sources */,
				B7D676B12AE55A3800139553 /* Cliente.swift in Sources */,
				B7DB83772B010B7200447239 /* Products.swift in Sources */,
				B7D676AF2AE5569900139553 /* ItemTableViewCell.swift in Sources */,
				B7D676B72AE5713D00139553 /* EditarViewController.swift in Sources */,
				B7D676982AE5543D00139553 /* AppDelegate.swift in Sources */,
				B7DB83712B01083400447239 /* ProductosViewController.swift in Sources */,
				B7797FF32B0A4988006CDA7F /* TableViewCell.swift in Sources */,
				B7797FF52B0A4C7D006CDA7F /* NuevoEmpleadoViewController.swift in Sources */,
				B7D676B52AE563D600139553 /* ControladorCliente.swift in Sources */,
				B7D6769A2AE5543D00139553 /* SceneDelegate.swift in Sources */,
				B7E36A402AF7D9BE00C54999 /* NuevoMedicamentoViewController.swift in Sources */,
				B7E36A3E2AF7D56400C54999 /* ITableViewCell.swift in Sources */,
			);
			runOnlyForDeploymentPostprocessing = 0;
		};
/* End PBXSourcesBuildPhase section */

/* Begin PBXVariantGroup section */
		B7D6769D2AE5543D00139553 /* Main.storyboard */ = {
			isa = PBXVariantGroup;
			children = (
				B7D6769E2AE5543D00139553 /* Base */,
			);
			name = Main.storyboard;
			sourceTree = "<group>";
		};
		B7D676A52AE5543E00139553 /* LaunchScreen.storyboard */ = {
			isa = PBXVariantGroup;
			children = (
				B7D676A62AE5543E00139553 /* Base */,
			);
			name = LaunchScreen.storyboard;
			sourceTree = "<group>";
		};
/* End PBXVariantGroup section */

/* Begin XCBuildConfiguration section */
		B7D676A92AE5543E00139553 /* Debug */ = {
			isa = XCBuildConfiguration;
			buildSettings = {
				ALWAYS_SEARCH_USER_PATHS = NO;
				CLANG_ANALYZER_NONNULL = YES;
				CLANG_ANALYZER_NUMBER_OBJECT_CONVERSION = YES_AGGRESSIVE;
				CLANG_CXX_LANGUAGE_STANDARD = "gnu++20";
				CLANG_ENABLE_MODULES = YES;
				CLANG_ENABLE_OBJC_ARC = YES;
				CLANG_ENABLE_OBJC_WEAK = YES;
				CLANG_WARN_BLOCK_CAPTURE_AUTORELEASING = YES;
				CLANG_WARN_BOOL_CONVERSION = YES;
				CLANG_WARN_COMMA = YES;
				CLANG_WARN_CONSTANT_CONVERSION = YES;
				CLANG_WARN_DEPRECATED_OBJC_IMPLEMENTATIONS = YES;
				CLANG_WARN_DIRECT_OBJC_ISA_USAGE = YES_ERROR;
				CLANG_WARN_DOCUMENTATION_COMMENTS = YES;
				CLANG_WARN_EMPTY_BODY = YES;
				CLANG_WARN_ENUM_CONVERSION = YES;
				CLANG_WARN_INFINITE_RECURSION = YES;
				CLANG_WARN_INT_CONVERSION = YES;
				CLANG_WARN_NON_LITERAL_NULL_CONVERSION = YES;
				CLANG_WARN_OBJC_IMPLICIT_RETAIN_SELF = YES;
				CLANG_WARN_OBJC_LITERAL_CONVERSION = YES;
				CLANG_WARN_OBJC_ROOT_CLASS = YES_ERROR;
				CLANG_WARN_QUOTED_INCLUDE_IN_FRAMEWORK_HEADER = YES;
				CLANG_WARN_RANGE_LOOP_ANALYSIS = YES;
				CLANG_WARN_STRICT_PROTOTYPES = YES;
				CLANG_WARN_SUSPICIOUS_MOVE = YES;
				CLANG_WARN_UNGUARDED_AVAILABILITY = YES_AGGRESSIVE;
				CLANG_WARN_UNREACHABLE_CODE = YES;
				CLANG_WARN__DUPLICATE_METHOD_MATCH = YES;
				COPY_PHASE_STRIP = NO;
				DEBUG_INFORMATION_FORMAT = dwarf;
				ENABLE_STRICT_OBJC_MSGSEND = YES;
				ENABLE_TESTABILITY = YES;
				GCC_C_LANGUAGE_STANDARD = gnu11;
				GCC_DYNAMIC_NO_PIC = NO;
				GCC_NO_COMMON_BLOCKS = YES;
				GCC_OPTIMIZATION_LEVEL = 0;
				GCC_PREPROCESSOR_DEFINITIONS = (
					"DEBUG=1",
					"$(inherited)",
				);
				GCC_WARN_64_TO_32_BIT_CONVERSION = YES;
				GCC_WARN_ABOUT_RETURN_TYPE = YES_ERROR;
				GCC_WARN_UNDECLARED_SELECTOR = YES;
				GCC_WARN_UNINITIALIZED_AUTOS = YES_AGGRESSIVE;
				GCC_WARN_UNUSED_FUNCTION = YES;
				GCC_WARN_UNUSED_VARIABLE = YES;
				IPHONEOS_DEPLOYMENT_TARGET = 16.4;
				MTL_ENABLE_DEBUG_INFO = INCLUDE_SOURCE;
				MTL_FAST_MATH = YES;
				ONLY_ACTIVE_ARCH = YES;
				SDKROOT = iphoneos;
				SWIFT_ACTIVE_COMPILATION_CONDITIONS = DEBUG;
				SWIFT_OPTIMIZATION_LEVEL = "-Onone";
			};
			name = Debug;
		};
		B7D676AA2AE5543E00139553 /* Release */ = {
			isa = XCBuildConfiguration;
			buildSettings = {
				ALWAYS_SEARCH_USER_PATHS = NO;
				CLANG_ANALYZER_NONNULL = YES;
				CLANG_ANALYZER_NUMBER_OBJECT_CONVERSION = YES_AGGRESSIVE;
				CLANG_CXX_LANGUAGE_STANDARD = "gnu++20";
				CLANG_ENABLE_MODULES = YES;
				CLANG_ENABLE_OBJC_ARC = YES;
				CLANG_ENABLE_OBJC_WEAK = YES;
				CLANG_WARN_BLOCK_CAPTURE_AUTORELEASING = YES;
				CLANG_WARN_BOOL_CONVERSION = YES;
				CLANG_WARN_COMMA = YES;
				CLANG_WARN_CONSTANT_CONVERSION = YES;
				CLANG_WARN_DEPRECATED_OBJC_IMPLEMENTATIONS = YES;
				CLANG_WARN_DIRECT_OBJC_ISA_USAGE = YES_ERROR;
				CLANG_WARN_DOCUMENTATION_COMMENTS = YES;
				CLANG_WARN_EMPTY_BODY = YES;
				CLANG_WARN_ENUM_CONVERSION = YES;
				CLANG_WARN_INFINITE_RECURSION = YES;
				CLANG_WARN_INT_CONVERSION = YES;
				CLANG_WARN_NON_LITERAL_NULL_CONVERSION = YES;
				CLANG_WARN_OBJC_IMPLICIT_RETAIN_SELF = YES;
				CLANG_WARN_OBJC_LITERAL_CONVERSION = YES;
				CLANG_WARN_OBJC_ROOT_CLASS = YES_ERROR;
				CLANG_WARN_QUOTED_INCLUDE_IN_FRAMEWORK_HEADER = YES;
				CLANG_WARN_RANGE_LOOP_ANALYSIS = YES;
				CLANG_WARN_STRICT_PROTOTYPES = YES;
				CLANG_WARN_SUSPICIOUS_MOVE = YES;
				CLANG_WARN_UNGUARDED_AVAILABILITY = YES_AGGRESSIVE;
				CLANG_WARN_UNREACHABLE_CODE = YES;
				CLANG_WARN__DUPLICATE_METHOD_MATCH = YES;
				COPY_PHASE_STRIP = NO;
				DEBUG_INFORMATION_FORMAT = "dwarf-with-dsym";
				ENABLE_NS_ASSERTIONS = NO;
				ENABLE_STRICT_OBJC_MSGSEND = YES;
				GCC_C_LANGUAGE_STANDARD = gnu11;
				GCC_NO_COMMON_BLOCKS = YES;
				GCC_WARN_64_TO_32_BIT_CONVERSION = YES;
				GCC_WARN_ABOUT_RETURN_TYPE = YES_ERROR;
				GCC_WARN_UNDECLARED_SELECTOR = YES;
				GCC_WARN_UNINITIALIZED_AUTOS = YES_AGGRESSIVE;
				GCC_WARN_UNUSED_FUNCTION = YES;
				GCC_WARN_UNUSED_VARIABLE = YES;
				IPHONEOS_DEPLOYMENT_TARGET = 16.4;
				MTL_ENABLE_DEBUG_INFO = NO;
				MTL_FAST_MATH = YES;
				SDKROOT = iphoneos;
				SWIFT_COMPILATION_MODE = wholemodule;
				SWIFT_OPTIMIZATION_LEVEL = "-O";
				VALIDATE_PRODUCT = YES;
			};
			name = Release;
		};
		B7D676AC2AE5543E00139553 /* Debug */ = {
			isa = XCBuildConfiguration;
			baseConfigurationReference = 72B383B50009D010402825EE /* Pods-AppConsorcio.debug.xcconfig */;
			buildSettings = {
				ASSETCATALOG_COMPILER_APPICON_NAME = AppIcon;
				ASSETCATALOG_COMPILER_GLOBAL_ACCENT_COLOR_NAME = AccentColor;
				CODE_SIGN_STYLE = Automatic;
				CURRENT_PROJECT_VERSION = 1;
				GENERATE_INFOPLIST_FILE = YES;
				INFOPLIST_FILE = AppConsorcio/Info.plist;
				INFOPLIST_KEY_UIApplicationSupportsIndirectInputEvents = YES;
				INFOPLIST_KEY_UILaunchStoryboardName = LaunchScreen;
				INFOPLIST_KEY_UIMainStoryboardFile = Main;
				INFOPLIST_KEY_UISupportedInterfaceOrientations_iPad = "UIInterfaceOrientationPortrait UIInterfaceOrientationPortraitUpsideDown UIInterfaceOrientationLandscapeLeft UIInterfaceOrientationLandscapeRight";
				INFOPLIST_KEY_UISupportedInterfaceOrientations_iPhone = "UIInterfaceOrientationPortrait UIInterfaceOrientationLandscapeLeft UIInterfaceOrientationLandscapeRight";
				LD_RUNPATH_SEARCH_PATHS = (
					"$(inherited)",
					"@executable_path/Frameworks",
				);
				MARKETING_VERSION = 1.0;
				PRODUCT_BUNDLE_IDENTIFIER = cibertec.edu.pe.AppConsorcio;
				PRODUCT_NAME = "$(TARGET_NAME)";
				SWIFT_EMIT_LOC_STRINGS = YES;
				SWIFT_VERSION = 5.0;
				TARGETED_DEVICE_FAMILY = "1,2";
			};
			name = Debug;
		};
		B7D676AD2AE5543E00139553 /* Release */ = {
			isa = XCBuildConfiguration;
			baseConfigurationReference = 3CE931EE5BE0A79F2BEB234C /* Pods-AppConsorcio.release.xcconfig */;
			buildSettings = {
				ASSETCATALOG_COMPILER_APPICON_NAME = AppIcon;
				ASSETCATALOG_COMPILER_GLOBAL_ACCENT_COLOR_NAME = AccentColor;
				CODE_SIGN_STYLE = Automatic;
				CURRENT_PROJECT_VERSION = 1;
				GENERATE_INFOPLIST_FILE = YES;
				INFOPLIST_FILE = AppConsorcio/Info.plist;
				INFOPLIST_KEY_UIApplicationSupportsIndirectInputEvents = YES;
				INFOPLIST_KEY_UILaunchStoryboardName = LaunchScreen;
				INFOPLIST_KEY_UIMainStoryboardFile = Main;
				INFOPLIST_KEY_UISupportedInterfaceOrientations_iPad = "UIInterfaceOrientationPortrait UIInterfaceOrientationPortraitUpsideDown UIInterfaceOrientationLandscapeLeft UIInterfaceOrientationLandscapeRight";
				INFOPLIST_KEY_UISupportedInterfaceOrientations_iPhone = "UIInterfaceOrientationPortrait UIInterfaceOrientationLandscapeLeft UIInterfaceOrientationLandscapeRight";
				LD_RUNPATH_SEARCH_PATHS = (
					"$(inherited)",
					"@executable_path/Frameworks",
				);
				MARKETING_VERSION = 1.0;
				PRODUCT_BUNDLE_IDENTIFIER = cibertec.edu.pe.AppConsorcio;
				PRODUCT_NAME = "$(TARGET_NAME)";
				SWIFT_EMIT_LOC_STRINGS = YES;
				SWIFT_VERSION = 5.0;
				TARGETED_DEVICE_FAMILY = "1,2";
			};
			name = Release;
		};
/* End XCBuildConfiguration section */

/* Begin XCConfigurationList section */
		B7D6768F2AE5543D00139553 /* Build configuration list for PBXProject "AppConsorcio" */ = {
			isa = XCConfigurationList;
			buildConfigurations = (
				B7D676A92AE5543E00139553 /* Debug */,
				B7D676AA2AE5543E00139553 /* Release */,
			);
			defaultConfigurationIsVisible = 0;
			defaultConfigurationName = Release;
		};
		B7D676AB2AE5543E00139553 /* Build configuration list for PBXNativeTarget "AppConsorcio" */ = {
			isa = XCConfigurationList;
			buildConfigurations = (
				B7D676AC2AE5543E00139553 /* Debug */,
				B7D676AD2AE5543E00139553 /* Release */,
			);
			defaultConfigurationIsVisible = 0;
			defaultConfigurationName = Release;
		};
/* End XCConfigurationList section */

/* Begin XCVersionGroup section */
		B7D676A02AE5543D00139553 /* AppConsorcio.xcdatamodeld */ = {
			isa = XCVersionGroup;
			children = (
				B7D676A12AE5543D00139553 /* AppConsorcio.xcdatamodel */,
			);
			currentVersion = B7D676A12AE5543D00139553 /* AppConsorcio.xcdatamodel */;
			path = AppConsorcio.xcdatamodeld;
			sourceTree = "<group>";
			versionGroupType = wrapper.xcdatamodel;
		};
/* End XCVersionGroup section */
	};
	rootObject = B7D6768C2AE5543D00139553 /* Project object */;
}
